// !$*UTF8*$!
{
	archiveVersion = 1;
	classes = {
	};
	objectVersion = 56;
	objects = {

/* Begin PBXBuildFile section */
		D4939E832AAF008800DB85C4 /* AdvancedSwiftUIApp.swift in Sources */ = {isa = PBXBuildFile; fileRef = D4939E822AAF008800DB85C4 /* AdvancedSwiftUIApp.swift */; };
		D4939E872AAF008C00DB85C4 /* Assets.xcassets in Resources */ = {isa = PBXBuildFile; fileRef = D4939E862AAF008C00DB85C4 /* Assets.xcassets */; };
		D4939E8A2AAF008C00DB85C4 /* Preview Assets.xcassets in Resources */ = {isa = PBXBuildFile; fileRef = D4939E892AAF008C00DB85C4 /* Preview Assets.xcassets */; };
		D4939E912AAF010D00DB85C4 /* ViewModifierBootcamp.swift in Sources */ = {isa = PBXBuildFile; fileRef = D4939E902AAF010D00DB85C4 /* ViewModifierBootcamp.swift */; };
		D4939E932AAF11F000DB85C4 /* CustomButtonStyleBootcamp.swift in Sources */ = {isa = PBXBuildFile; fileRef = D4939E922AAF11F000DB85C4 /* CustomButtonStyleBootcamp.swift */; };
		D4939E962AAF142700DB85C4 /* UIKit.framework in Frameworks */ = {isa = PBXBuildFile; fileRef = D4939E952AAF142600DB85C4 /* UIKit.framework */; };
		D4939E982AAF142D00DB85C4 /* SwiftUI.framework in Frameworks */ = {isa = PBXBuildFile; fileRef = D4939E972AAF142C00DB85C4 /* SwiftUI.framework */; };
		D4C26CF02AB040B3002084AC /* CustomTransitionBootcamp.swift in Sources */ = {isa = PBXBuildFile; fileRef = D4C26CEF2AB040B3002084AC /* CustomTransitionBootcamp.swift */; };
		D4C26CF22AB15948002084AC /* MatchedGeometryEffectBootcamp.swift in Sources */ = {isa = PBXBuildFile; fileRef = D4C26CF12AB15948002084AC /* MatchedGeometryEffectBootcamp.swift */; };
/* End PBXBuildFile section */

/* Begin PBXFileReference section */
		D4939E7F2AAF008800DB85C4 /* AdvancedSwiftUI.app */ = {isa = PBXFileReference; explicitFileType = wrapper.application; includeInIndex = 0; path = AdvancedSwiftUI.app; sourceTree = BUILT_PRODUCTS_DIR; };
		D4939E822AAF008800DB85C4 /* AdvancedSwiftUIApp.swift */ = {isa = PBXFileReference; lastKnownFileType = sourcecode.swift; path = AdvancedSwiftUIApp.swift; sourceTree = "<group>"; };
		D4939E862AAF008C00DB85C4 /* Assets.xcassets */ = {isa = PBXFileReference; lastKnownFileType = folder.assetcatalog; path = Assets.xcassets; sourceTree = "<group>"; };
		D4939E892AAF008C00DB85C4 /* Preview Assets.xcassets */ = {isa = PBXFileReference; lastKnownFileType = folder.assetcatalog; path = "Preview Assets.xcassets"; sourceTree = "<group>"; };
		D4939E902AAF010D00DB85C4 /* ViewModifierBootcamp.swift */ = {isa = PBXFileReference; lastKnownFileType = sourcecode.swift; path = ViewModifierBootcamp.swift; sourceTree = "<group>"; };
		D4939E922AAF11F000DB85C4 /* CustomButtonStyleBootcamp.swift */ = {isa = PBXFileReference; lastKnownFileType = sourcecode.swift; path = CustomButtonStyleBootcamp.swift; sourceTree = "<group>"; };
		D4939E952AAF142600DB85C4 /* UIKit.framework */ = {isa = PBXFileReference; lastKnownFileType = wrapper.framework; name = UIKit.framework; path = System/Library/Frameworks/UIKit.framework; sourceTree = SDKROOT; };
		D4939E972AAF142C00DB85C4 /* SwiftUI.framework */ = {isa = PBXFileReference; lastKnownFileType = wrapper.framework; name = SwiftUI.framework; path = System/Library/Frameworks/SwiftUI.framework; sourceTree = SDKROOT; };
		D4C26CEF2AB040B3002084AC /* CustomTransitionBootcamp.swift */ = {isa = PBXFileReference; lastKnownFileType = sourcecode.swift; path = CustomTransitionBootcamp.swift; sourceTree = "<group>"; };
		D4C26CF12AB15948002084AC /* MatchedGeometryEffectBootcamp.swift */ = {isa = PBXFileReference; lastKnownFileType = sourcecode.swift; path = MatchedGeometryEffectBootcamp.swift; sourceTree = "<group>"; };
/* End PBXFileReference section */

/* Begin PBXFrameworksBuildPhase section */
		D4939E7C2AAF008800DB85C4 /* Frameworks */ = {
			isa = PBXFrameworksBuildPhase;
			buildActionMask = 2147483647;
			files = (
				D4939E982AAF142D00DB85C4 /* SwiftUI.framework in Frameworks */,
				D4939E962AAF142700DB85C4 /* UIKit.framework in Frameworks */,
			);
			runOnlyForDeploymentPostprocessing = 0;
		};
/* End PBXFrameworksBuildPhase section */

/* Begin PBXGroup section */
		D4939E762AAF008800DB85C4 = {
			isa = PBXGroup;
			children = (
				D4939E812AAF008800DB85C4 /* AdvancedSwiftUI */,
				D4939E802AAF008800DB85C4 /* Products */,
				D4939E942AAF142500DB85C4 /* Frameworks */,
			);
			sourceTree = "<group>";
		};
		D4939E802AAF008800DB85C4 /* Products */ = {
			isa = PBXGroup;
			children = (
				D4939E7F2AAF008800DB85C4 /* AdvancedSwiftUI.app */,
			);
			name = Products;
			sourceTree = "<group>";
		};
		D4939E812AAF008800DB85C4 /* AdvancedSwiftUI */ = {
			isa = PBXGroup;
			children = (
				D4939E822AAF008800DB85C4 /* AdvancedSwiftUIApp.swift */,
				D4939E902AAF010D00DB85C4 /* ViewModifierBootcamp.swift */,
				D4939E922AAF11F000DB85C4 /* CustomButtonStyleBootcamp.swift */,
				D4C26CEF2AB040B3002084AC /* CustomTransitionBootcamp.swift */,
				D4C26CF12AB15948002084AC /* MatchedGeometryEffectBootcamp.swift */,
				D4939E862AAF008C00DB85C4 /* Assets.xcassets */,
				D4939E882AAF008C00DB85C4 /* Preview Content */,
			);
			path = AdvancedSwiftUI;
			sourceTree = "<group>";
		};
		D4939E882AAF008C00DB85C4 /* Preview Content */ = {
			isa = PBXGroup;
			children = (
				D4939E892AAF008C00DB85C4 /* Preview Assets.xcassets */,
			);
			path = "Preview Content";
			sourceTree = "<group>";
		};
		D4939E942AAF142500DB85C4 /* Frameworks */ = {
			isa = PBXGroup;
			children = (
				D4939E972AAF142C00DB85C4 /* SwiftUI.framework */,
				D4939E952AAF142600DB85C4 /* UIKit.framework */,
			);
			name = Frameworks;
			sourceTree = "<group>";
		};
/* End PBXGroup section */

/* Begin PBXNativeTarget section */
		D4939E7E2AAF008800DB85C4 /* AdvancedSwiftUI */ = {
			isa = PBXNativeTarget;
			buildConfigurationList = D4939E8D2AAF008C00DB85C4 /* Build configuration list for PBXNativeTarget "AdvancedSwiftUI" */;
			buildPhases = (
				D4939E7B2AAF008800DB85C4 /* Sources */,
				D4939E7C2AAF008800DB85C4 /* Frameworks */,
				D4939E7D2AAF008800DB85C4 /* Resources */,
			);
			buildRules = (
			);
			dependencies = (
			);
			name = AdvancedSwiftUI;
			productName = AdvancedSwiftUI;
			productReference = D4939E7F2AAF008800DB85C4 /* AdvancedSwiftUI.app */;
			productType = "com.apple.product-type.application";
		};
/* End PBXNativeTarget section */

/* Begin PBXProject section */
		D4939E772AAF008800DB85C4 /* Project object */ = {
			isa = PBXProject;
			attributes = {
				BuildIndependentTargetsInParallel = 1;
				LastSwiftUpdateCheck = 1420;
				LastUpgradeCheck = 1420;
				TargetAttributes = {
					D4939E7E2AAF008800DB85C4 = {
						CreatedOnToolsVersion = 14.2;
					};
				};
			};
			buildConfigurationList = D4939E7A2AAF008800DB85C4 /* Build configuration list for PBXProject "AdvancedSwiftUI" */;
			compatibilityVersion = "Xcode 14.0";
			developmentRegion = en;
			hasScannedForEncodings = 0;
			knownRegions = (
				en,
				Base,
			);
			mainGroup = D4939E762AAF008800DB85C4;
			productRefGroup = D4939E802AAF008800DB85C4 /* Products */;
			projectDirPath = "";
			projectRoot = "";
			targets = (
				D4939E7E2AAF008800DB85C4 /* AdvancedSwiftUI */,
			);
		};
/* End PBXProject section */

/* Begin PBXResourcesBuildPhase section */
		D4939E7D2AAF008800DB85C4 /* Resources */ = {
			isa = PBXResourcesBuildPhase;
			buildActionMask = 2147483647;
			files = (
				D4939E8A2AAF008C00DB85C4 /* Preview Assets.xcassets in Resources */,
				D4939E872AAF008C00DB85C4 /* Assets.xcassets in Resources */,
			);
			runOnlyForDeploymentPostprocessing = 0;
		};
/* End PBXResourcesBuildPhase section */

/* Begin PBXSourcesBuildPhase section */
		D4939E7B2AAF008800DB85C4 /* Sources */ = {
			isa = PBXSourcesBuildPhase;
			buildActionMask = 2147483647;
			files = (
				D4C26CF02AB040B3002084AC /* CustomTransitionBootcamp.swift in Sources */,
				D4939E932AAF11F000DB85C4 /* CustomButtonStyleBootcamp.swift in Sources */,
				D4939E912AAF010D00DB85C4 /* ViewModifierBootcamp.swift in Sources */,
				D4939E832AAF008800DB85C4 /* AdvancedSwiftUIApp.swift in Sources */,
				D4C26CF22AB15948002084AC /* MatchedGeometryEffectBootcamp.swift in Sources */,
			);
			runOnlyForDeploymentPostprocessing = 0;
		};
/* End PBXSourcesBuildPhase section */

/* Begin XCBuildConfiguration section */
		D4939E8B2AAF008C00DB85C4 /* Debug */ = {
			isa = XCBuildConfiguration;
			buildSettings = {
				ALWAYS_SEARCH_USER_PATHS = NO;
				CLANG_ANALYZER_NONNULL = YES;
				CLANG_ANALYZER_NUMBER_OBJECT_CONVERSION = YES_AGGRESSIVE;
				CLANG_CXX_LANGUAGE_STANDARD = "gnu++20";
				CLANG_ENABLE_MODULES = YES;
				CLANG_ENABLE_OBJC_ARC = YES;
				CLANG_ENABLE_OBJC_WEAK = YES;
				CLANG_WARN_BLOCK_CAPTURE_AUTORELEASING = YES;
				CLANG_WARN_BOOL_CONVERSION = YES;
				CLANG_WARN_COMMA = YES;
				CLANG_WARN_CONSTANT_CONVERSION = YES;
				CLANG_WARN_DEPRECATED_OBJC_IMPLEMENTATIONS = YES;
				CLANG_WARN_DIRECT_OBJC_ISA_USAGE = YES_ERROR;
				CLANG_WARN_DOCUMENTATION_COMMENTS = YES;
				CLANG_WARN_EMPTY_BODY = YES;
				CLANG_WARN_ENUM_CONVERSION = YES;
				CLANG_WARN_INFINITE_RECURSION = YES;
				CLANG_WARN_INT_CONVERSION = YES;
				CLANG_WARN_NON_LITERAL_NULL_CONVERSION = YES;
				CLANG_WARN_OBJC_IMPLICIT_RETAIN_SELF = YES;
				CLANG_WARN_OBJC_LITERAL_CONVERSION = YES;
				CLANG_WARN_OBJC_ROOT_CLASS = YES_ERROR;
				CLANG_WARN_QUOTED_INCLUDE_IN_FRAMEWORK_HEADER = YES;
				CLANG_WARN_RANGE_LOOP_ANALYSIS = YES;
				CLANG_WARN_STRICT_PROTOTYPES = YES;
				CLANG_WARN_SUSPICIOUS_MOVE = YES;
				CLANG_WARN_UNGUARDED_AVAILABILITY = YES_AGGRESSIVE;
				CLANG_WARN_UNREACHABLE_CODE = YES;
				CLANG_WARN__DUPLICATE_METHOD_MATCH = YES;
				COPY_PHASE_STRIP = NO;
				DEBUG_INFORMATION_FORMAT = dwarf;
				ENABLE_STRICT_OBJC_MSGSEND = YES;
				ENABLE_TESTABILITY = YES;
				GCC_C_LANGUAGE_STANDARD = gnu11;
				GCC_DYNAMIC_NO_PIC = NO;
				GCC_NO_COMMON_BLOCKS = YES;
				GCC_OPTIMIZATION_LEVEL = 0;
				GCC_PREPROCESSOR_DEFINITIONS = (
					"DEBUG=1",
					"$(inherited)",
				);
				GCC_WARN_64_TO_32_BIT_CONVERSION = YES;
				GCC_WARN_ABOUT_RETURN_TYPE = YES_ERROR;
				GCC_WARN_UNDECLARED_SELECTOR = YES;
				GCC_WARN_UNINITIALIZED_AUTOS = YES_AGGRESSIVE;
				GCC_WARN_UNUSED_FUNCTION = YES;
				GCC_WARN_UNUSED_VARIABLE = YES;
				IPHONEOS_DEPLOYMENT_TARGET = 16.2;
				MTL_ENABLE_DEBUG_INFO = INCLUDE_SOURCE;
				MTL_FAST_MATH = YES;
				ONLY_ACTIVE_ARCH = YES;
				SDKROOT = iphoneos;
				SWIFT_ACTIVE_COMPILATION_CONDITIONS = DEBUG;
				SWIFT_OPTIMIZATION_LEVEL = "-Onone";
			};
			name = Debug;
		};
		D4939E8C2AAF008C00DB85C4 /* Release */ = {
			isa = XCBuildConfiguration;
			buildSettings = {
				ALWAYS_SEARCH_USER_PATHS = NO;
				CLANG_ANALYZER_NONNULL = YES;
				CLANG_ANALYZER_NUMBER_OBJECT_CONVERSION = YES_AGGRESSIVE;
				CLANG_CXX_LANGUAGE_STANDARD = "gnu++20";
				CLANG_ENABLE_MODULES = YES;
				CLANG_ENABLE_OBJC_ARC = YES;
				CLANG_ENABLE_OBJC_WEAK = YES;
				CLANG_WARN_BLOCK_CAPTURE_AUTORELEASING = YES;
				CLANG_WARN_BOOL_CONVERSION = YES;
				CLANG_WARN_COMMA = YES;
				CLANG_WARN_CONSTANT_CONVERSION = YES;
				CLANG_WARN_DEPRECATED_OBJC_IMPLEMENTATIONS = YES;
				CLANG_WARN_DIRECT_OBJC_ISA_USAGE = YES_ERROR;
				CLANG_WARN_DOCUMENTATION_COMMENTS = YES;
				CLANG_WARN_EMPTY_BODY = YES;
				CLANG_WARN_ENUM_CONVERSION = YES;
				CLANG_WARN_INFINITE_RECURSION = YES;
				CLANG_WARN_INT_CONVERSION = YES;
				CLANG_WARN_NON_LITERAL_NULL_CONVERSION = YES;
				CLANG_WARN_OBJC_IMPLICIT_RETAIN_SELF = YES;
				CLANG_WARN_OBJC_LITERAL_CONVERSION = YES;
				CLANG_WARN_OBJC_ROOT_CLASS = YES_ERROR;
				CLANG_WARN_QUOTED_INCLUDE_IN_FRAMEWORK_HEADER = YES;
				CLANG_WARN_RANGE_LOOP_ANALYSIS = YES;
				CLANG_WARN_STRICT_PROTOTYPES = YES;
				CLANG_WARN_SUSPICIOUS_MOVE = YES;
				CLANG_WARN_UNGUARDED_AVAILABILITY = YES_AGGRESSIVE;
				CLANG_WARN_UNREACHABLE_CODE = YES;
				CLANG_WARN__DUPLICATE_METHOD_MATCH = YES;
				COPY_PHASE_STRIP = NO;
				DEBUG_INFORMATION_FORMAT = "dwarf-with-dsym";
				ENABLE_NS_ASSERTIONS = NO;
				ENABLE_STRICT_OBJC_MSGSEND = YES;
				GCC_C_LANGUAGE_STANDARD = gnu11;
				GCC_NO_COMMON_BLOCKS = YES;
				GCC_WARN_64_TO_32_BIT_CONVERSION = YES;
				GCC_WARN_ABOUT_RETURN_TYPE = YES_ERROR;
				GCC_WARN_UNDECLARED_SELECTOR = YES;
				GCC_WARN_UNINITIALIZED_AUTOS = YES_AGGRESSIVE;
				GCC_WARN_UNUSED_FUNCTION = YES;
				GCC_WARN_UNUSED_VARIABLE = YES;
				IPHONEOS_DEPLOYMENT_TARGET = 16.2;
				MTL_ENABLE_DEBUG_INFO = NO;
				MTL_FAST_MATH = YES;
				SDKROOT = iphoneos;
				SWIFT_COMPILATION_MODE = wholemodule;
				SWIFT_OPTIMIZATION_LEVEL = "-O";
				VALIDATE_PRODUCT = YES;
			};
			name = Release;
		};
		D4939E8E2AAF008C00DB85C4 /* Debug */ = {
			isa = XCBuildConfiguration;
			buildSettings = {
				ASSETCATALOG_COMPILER_APPICON_NAME = AppIcon;
				ASSETCATALOG_COMPILER_GLOBAL_ACCENT_COLOR_NAME = AccentColor;
				CODE_SIGN_STYLE = Automatic;
				CURRENT_PROJECT_VERSION = 1;
				DEVELOPMENT_ASSET_PATHS = "\"AdvancedSwiftUI/Preview Content\"";
				DEVELOPMENT_TEAM = HFG85UBJFK;
				ENABLE_PREVIEWS = YES;
				GENERATE_INFOPLIST_FILE = YES;
				INFOPLIST_KEY_UIApplicationSceneManifest_Generation = YES;
				INFOPLIST_KEY_UIApplicationSupportsIndirectInputEvents = YES;
				INFOPLIST_KEY_UILaunchScreen_Generation = YES;
				INFOPLIST_KEY_UISupportedInterfaceOrientations_iPad = "UIInterfaceOrientationPortrait UIInterfaceOrientationPortraitUpsideDown UIInterfaceOrientationLandscapeLeft UIInterfaceOrientationLandscapeRight";
				INFOPLIST_KEY_UISupportedInterfaceOrientations_iPhone = "UIInterfaceOrientationPortrait UIInterfaceOrientationLandscapeLeft UIInterfaceOrientationLandscapeRight";
				LD_RUNPATH_SEARCH_PATHS = (
					"$(inherited)",
					"@executable_path/Frameworks",
				);
				MARKETING_VERSION = 1.0;
				PRODUCT_BUNDLE_IDENTIFIER = com.vietphuongdo.AdvancedSwiftUI;
				PRODUCT_NAME = "$(TARGET_NAME)";
				SWIFT_EMIT_LOC_STRINGS = YES;
				SWIFT_VERSION = 5.0;
				TARGETED_DEVICE_FAMILY = "1,2";
			};
			name = Debug;
		};
		D4939E8F2AAF008C00DB85C4 /* Release */ = {
			isa = XCBuildConfiguration;
			buildSettings = {
				ASSETCATALOG_COMPILER_APPICON_NAME = AppIcon;
				ASSETCATALOG_COMPILER_GLOBAL_ACCENT_COLOR_NAME = AccentColor;
				CODE_SIGN_STYLE = Automatic;
				CURRENT_PROJECT_VERSION = 1;
				DEVELOPMENT_ASSET_PATHS = "\"AdvancedSwiftUI/Preview Content\"";
				DEVELOPMENT_TEAM = HFG85UBJFK;
				ENABLE_PREVIEWS = YES;
				GENERATE_INFOPLIST_FILE = YES;
				INFOPLIST_KEY_UIApplicationSceneManifest_Generation = YES;
				INFOPLIST_KEY_UIApplicationSupportsIndirectInputEvents = YES;
				INFOPLIST_KEY_UILaunchScreen_Generation = YES;
				INFOPLIST_KEY_UISupportedInterfaceOrientations_iPad = "UIInterfaceOrientationPortrait UIInterfaceOrientationPortraitUpsideDown UIInterfaceOrientationLandscapeLeft UIInterfaceOrientationLandscapeRight";
				INFOPLIST_KEY_UISupportedInterfaceOrientations_iPhone = "UIInterfaceOrientationPortrait UIInterfaceOrientationLandscapeLeft UIInterfaceOrientationLandscapeRight";
				LD_RUNPATH_SEARCH_PATHS = (
					"$(inherited)",
					"@executable_path/Frameworks",
				);
				MARKETING_VERSION = 1.0;
				PRODUCT_BUNDLE_IDENTIFIER = com.vietphuongdo.AdvancedSwiftUI;
				PRODUCT_NAME = "$(TARGET_NAME)";
				SWIFT_EMIT_LOC_STRINGS = YES;
				SWIFT_VERSION = 5.0;
				TARGETED_DEVICE_FAMILY = "1,2";
			};
			name = Release;
		};
/* End XCBuildConfiguration section */

/* Begin XCConfigurationList section */
		D4939E7A2AAF008800DB85C4 /* Build configuration list for PBXProject "AdvancedSwiftUI" */ = {
			isa = XCConfigurationList;
			buildConfigurations = (
				D4939E8B2AAF008C00DB85C4 /* Debug */,
				D4939E8C2AAF008C00DB85C4 /* Release */,
			);
			defaultConfigurationIsVisible = 0;
			defaultConfigurationName = Release;
		};
		D4939E8D2AAF008C00DB85C4 /* Build configuration list for PBXNativeTarget "AdvancedSwiftUI" */ = {
			isa = XCConfigurationList;
			buildConfigurations = (
				D4939E8E2AAF008C00DB85C4 /* Debug */,
				D4939E8F2AAF008C00DB85C4 /* Release */,
			);
			defaultConfigurationIsVisible = 0;
			defaultConfigurationName = Release;
		};
/* End XCConfigurationList section */
	};
	rootObject = D4939E772AAF008800DB85C4 /* Project object */;
}
